
Microsoft Visual Studio Solution File, Format Version 12.00
# Visual Studio 2013
VisualStudioVersion = 12.0.31101.0
MinimumVisualStudioVersion = 10.0.40219.1
Project("{FAE04EC0-301F-11D3-BF4B-00C04F79EFBC}") = "TicTacToe", "TicTacToe\TicTacToe.csproj", "{041DB2A3-0731-4DF0-87A5-0C0CCCAB135A}"
EndProject
Project("{FAE04EC0-301F-11D3-BF4B-00C04F79EFBC}") = "TicTacToe.Tests", "TicTacToe.Tests\TicTacToe.Tests.csproj", "{67411620-B9BC-4DB8-869C-FC6931A45B9B}"
EndProject
Global
	GlobalSection(SolutionConfigurationPlatforms) = preSolution
		Debug|Any CPU = Debug|Any CPU
		Release|Any CPU = Release|Any CPU
	EndGlobalSection
	GlobalSection(ProjectConfigurationPlatforms) = postSolution
		{041DB2A3-0731-4DF0-87A5-0C0CCCAB135A}.Debug|Any CPU.ActiveCfg = Debug|Any CPU
		{041DB2A3-0731-4DF0-87A5-0C0CCCAB135A}.Debug|Any CPU.Build.0 = Debug|Any CPU
		{041DB2A3-0731-4DF0-87A5-0C0CCCAB135A}.Release|Any CPU.ActiveCfg = Release|Any CPU
		{041DB2A3-0731-4DF0-87A5-0C0CCCAB135A}.Release|Any CPU.Build.0 = Release|Any CPU
		{67411620-B9BC-4DB8-869C-FC6931A45B9B}.Debug|Any CPU.ActiveCfg = Debug|Any CPU
		{67411620-B9BC-4DB8-869C-FC6931A45B9B}.Debug|Any CPU.Build.0 = Debug|Any CPU
		{67411620-B9BC-4DB8-869C-FC6931A45B9B}.Release|Any CPU.ActiveCfg = Release|Any CPU
		{67411620-B9BC-4DB8-869C-FC6931A45B9B}.Release|Any CPU.Build.0 = Release|Any CPU
	EndGlobalSection
	GlobalSection(SolutionProperties) = preSolution
		HideSolutionNode = FALSE
	EndGlobalSection
EndGlobal
